// !$*UTF8*$!
{
	archiveVersion = 1;
	classes = {
	};
	objectVersion = 50;
	objects = {

/* Begin PBXBuildFile section */
		937C7C8F2089692E000899D3 /* AppDelegate.swift in Sources */ = {isa = PBXBuildFile; fileRef = 937C7C8E2089692E000899D3 /* AppDelegate.swift */; };
		937C7C912089692E000899D3 /* ViewController.swift in Sources */ = {isa = PBXBuildFile; fileRef = 937C7C902089692E000899D3 /* ViewController.swift */; };
		937C7C942089692E000899D3 /* Main.storyboard in Resources */ = {isa = PBXBuildFile; fileRef = 937C7C922089692E000899D3 /* Main.storyboard */; };
		937C7C962089692F000899D3 /* Assets.xcassets in Resources */ = {isa = PBXBuildFile; fileRef = 937C7C952089692F000899D3 /* Assets.xcassets */; };
		937C7C992089692F000899D3 /* LaunchScreen.storyboard in Resources */ = {isa = PBXBuildFile; fileRef = 937C7C972089692F000899D3 /* LaunchScreen.storyboard */; };
		FD4457C021B7471452E8C69E /* Pods_Appsync.framework in Frameworks */ = {isa = PBXBuildFile; fileRef = 72FDE458FBEE9933269FA09E /* Pods_Appsync.framework */; };
/* End PBXBuildFile section */

/* Begin PBXFileReference section */
		21C80F131E1357240827E0E3 /* Pods-Appsync.release.xcconfig */ = {isa = PBXFileReference; includeInIndex = 1; lastKnownFileType = text.xcconfig; name = "Pods-Appsync.release.xcconfig"; path = "Pods/Target Support Files/Pods-Appsync/Pods-Appsync.release.xcconfig"; sourceTree = "<group>"; };
		6AB3BF4C0EF8F8DEC402575E /* Pods-Appsync.debug.xcconfig */ = {isa = PBXFileReference; includeInIndex = 1; lastKnownFileType = text.xcconfig; name = "Pods-Appsync.debug.xcconfig"; path = "Pods/Target Support Files/Pods-Appsync/Pods-Appsync.debug.xcconfig"; sourceTree = "<group>"; };
		72FDE458FBEE9933269FA09E /* Pods_Appsync.framework */ = {isa = PBXFileReference; explicitFileType = wrapper.framework; includeInIndex = 0; path = Pods_Appsync.framework; sourceTree = BUILT_PRODUCTS_DIR; };
		937C7C8B2089692E000899D3 /* Appsync.app */ = {isa = PBXFileReference; explicitFileType = wrapper.application; includeInIndex = 0; path = Appsync.app; sourceTree = BUILT_PRODUCTS_DIR; };
		937C7C8E2089692E000899D3 /* AppDelegate.swift */ = {isa = PBXFileReference; lastKnownFileType = sourcecode.swift; path = AppDelegate.swift; sourceTree = "<group>"; };
		937C7C902089692E000899D3 /* ViewController.swift */ = {isa = PBXFileReference; lastKnownFileType = sourcecode.swift; path = ViewController.swift; sourceTree = "<group>"; };
		937C7C932089692E000899D3 /* Base */ = {isa = PBXFileReference; lastKnownFileType = file.storyboard; name = Base; path = Base.lproj/Main.storyboard; sourceTree = "<group>"; };
		937C7C952089692F000899D3 /* Assets.xcassets */ = {isa = PBXFileReference; lastKnownFileType = folder.assetcatalog; path = Assets.xcassets; sourceTree = "<group>"; };
		937C7C982089692F000899D3 /* Base */ = {isa = PBXFileReference; lastKnownFileType = file.storyboard; name = Base; path = Base.lproj/LaunchScreen.storyboard; sourceTree = "<group>"; };
		937C7C9A2089692F000899D3 /* Info.plist */ = {isa = PBXFileReference; lastKnownFileType = text.plist.xml; path = Info.plist; sourceTree = "<group>"; };
/* End PBXFileReference section */

/* Begin PBXFrameworksBuildPhase section */
		937C7C882089692E000899D3 /* Frameworks */ = {
			isa = PBXFrameworksBuildPhase;
			buildActionMask = 2147483647;
			files = (
				FD4457C021B7471452E8C69E /* Pods_Appsync.framework in Frameworks */,
			);
			runOnlyForDeploymentPostprocessing = 0;
		};
/* End PBXFrameworksBuildPhase section */

/* Begin PBXGroup section */
		2FD349F787213103B00642F8 /* Pods */ = {
			isa = PBXGroup;
			children = (
				6AB3BF4C0EF8F8DEC402575E /* Pods-Appsync.debug.xcconfig */,
				21C80F131E1357240827E0E3 /* Pods-Appsync.release.xcconfig */,
			);
			name = Pods;
			sourceTree = "<group>";
		};
		937C7C822089692E000899D3 = {
			isa = PBXGroup;
			children = (
				937C7C8D2089692E000899D3 /* Appsync */,
				937C7C8C2089692E000899D3 /* Products */,
				2FD349F787213103B00642F8 /* Pods */,
				F560621A46818AADC65C2C30 /* Frameworks */,
			);
			sourceTree = "<group>";
		};
		937C7C8C2089692E000899D3 /* Products */ = {
			isa = PBXGroup;
			children = (
				937C7C8B2089692E000899D3 /* Appsync.app */,
			);
			name = Products;
			sourceTree = "<group>";
		};
		937C7C8D2089692E000899D3 /* Appsync */ = {
			isa = PBXGroup;
			children = (
				937C7C8E2089692E000899D3 /* AppDelegate.swift */,
				937C7C902089692E000899D3 /* ViewController.swift */,
				937C7C922089692E000899D3 /* Main.storyboard */,
				937C7C952089692F000899D3 /* Assets.xcassets */,
				937C7C972089692F000899D3 /* LaunchScreen.storyboard */,
				937C7C9A2089692F000899D3 /* Info.plist */,
			);
			path = Appsync;
			sourceTree = "<group>";
		};
		F560621A46818AADC65C2C30 /* Frameworks */ = {
			isa = PBXGroup;
			children = (
				72FDE458FBEE9933269FA09E /* Pods_Appsync.framework */,
			);
			name = Frameworks;
			sourceTree = "<group>";
		};
/* End PBXGroup section */

/* Begin PBXNativeTarget section */
		937C7C8A2089692E000899D3 /* Appsync */ = {
			isa = PBXNativeTarget;
			buildConfigurationList = 937C7C9D2089692F000899D3 /* Build configuration list for PBXNativeTarget "Appsync" */;
			buildPhases = (
				EF2EFB602F65EA36C47EAE83 /* [CP] Check Pods Manifest.lock */,
				937C7C872089692E000899D3 /* Sources */,
				937C7C882089692E000899D3 /* Frameworks */,
				937C7C892089692E000899D3 /* Resources */,
				7E54E4BF072D9D655581C3E5 /* [CP] Embed Pods Frameworks */,
				436CAD80DDBE3833D4FC3115 /* [CP] Copy Pods Resources */,
			);
			buildRules = (
			);
			dependencies = (
			);
			name = Appsync;
			productName = Appsync;
			productReference = 937C7C8B2089692E000899D3 /* Appsync.app */;
			productType = "com.apple.product-type.application";
		};
/* End PBXNativeTarget section */

/* Begin PBXProject section */
		937C7C832089692E000899D3 /* Project object */ = {
			isa = PBXProject;
			attributes = {
				LastSwiftUpdateCheck = 0930;
				LastUpgradeCheck = 0930;
				ORGANIZATIONNAME = "ChandraSekhar Gillellamudi";
				TargetAttributes = {
					937C7C8A2089692E000899D3 = {
						CreatedOnToolsVersion = 9.3;
					};
				};
			};
			buildConfigurationList = 937C7C862089692E000899D3 /* Build configuration list for PBXProject "Appsync" */;
			compatibilityVersion = "Xcode 9.3";
			developmentRegion = en;
			hasScannedForEncodings = 0;
			knownRegions = (
				en,
				Base,
			);
			mainGroup = 937C7C822089692E000899D3;
			productRefGroup = 937C7C8C2089692E000899D3 /* Products */;
			projectDirPath = "";
			projectRoot = "";
			targets = (
				937C7C8A2089692E000899D3 /* Appsync */,
			);
		};
/* End PBXProject section */

/* Begin PBXResourcesBuildPhase section */
		937C7C892089692E000899D3 /* Resources */ = {
			isa = PBXResourcesBuildPhase;
			buildActionMask = 2147483647;
			files = (
				937C7C992089692F000899D3 /* LaunchScreen.storyboard in Resources */,
				937C7C962089692F000899D3 /* Assets.xcassets in Resources */,
				937C7C942089692E000899D3 /* Main.storyboard in Resources */,
			);
			runOnlyForDeploymentPostprocessing = 0;
		};
/* End PBXResourcesBuildPhase section */

/* Begin PBXShellScriptBuildPhase section */
		436CAD80DDBE3833D4FC3115 /* [CP] Copy Pods Resources */ = {
			isa = PBXShellScriptBuildPhase;
			buildActionMask = 2147483647;
			files = (
			);
			inputPaths = (
			);
			name = "[CP] Copy Pods Resources";
			outputPaths = (
			);
			runOnlyForDeploymentPostprocessing = 0;
			shellPath = /bin/sh;
			shellScript = "\"${SRCROOT}/Pods/Target Support Files/Pods-Appsync/Pods-Appsync-resources.sh\"\n";
			showEnvVarsInLog = 0;
		};
		7E54E4BF072D9D655581C3E5 /* [CP] Embed Pods Frameworks */ = {
			isa = PBXShellScriptBuildPhase;
			buildActionMask = 2147483647;
			files = (
			);
			inputPaths = (
				"${SRCROOT}/Pods/Target Support Files/Pods-Appsync/Pods-Appsync-frameworks.sh",
				"${BUILT_PRODUCTS_DIR}/AWSAppSync/AWSAppSync.framework",
				"${BUILT_PRODUCTS_DIR}/AWSCore/AWSCore.framework",
				"${BUILT_PRODUCTS_DIR}/ReachabilitySwift/Reachability.framework",
				"${BUILT_PRODUCTS_DIR}/SQLite.swift/SQLite.framework",
			);
			name = "[CP] Embed Pods Frameworks";
			outputPaths = (
				"${TARGET_BUILD_DIR}/${FRAMEWORKS_FOLDER_PATH}/AWSAppSync.framework",
				"${TARGET_BUILD_DIR}/${FRAMEWORKS_FOLDER_PATH}/AWSCore.framework",
				"${TARGET_BUILD_DIR}/${FRAMEWORKS_FOLDER_PATH}/Reachability.framework",
				"${TARGET_BUILD_DIR}/${FRAMEWORKS_FOLDER_PATH}/SQLite.framework",
			);
			runOnlyForDeploymentPostprocessing = 0;
			shellPath = /bin/sh;
			shellScript = "\"${SRCROOT}/Pods/Target Support Files/Pods-Appsync/Pods-Appsync-frameworks.sh\"\n";
			showEnvVarsInLog = 0;
		};
		EF2EFB602F65EA36C47EAE83 /* [CP] Check Pods Manifest.lock */ = {
			isa = PBXShellScriptBuildPhase;
			buildActionMask = 2147483647;
			files = (
			);
			inputPaths = (
				"${PODS_PODFILE_DIR_PATH}/Podfile.lock",
				"${PODS_ROOT}/Manifest.lock",
			);
			name = "[CP] Check Pods Manifest.lock";
			outputPaths = (
				"$(DERIVED_FILE_DIR)/Pods-Appsync-checkManifestLockResult.txt",
			);
			runOnlyForDeploymentPostprocessing = 0;
			shellPath = /bin/sh;
			shellScript = "diff \"${PODS_PODFILE_DIR_PATH}/Podfile.lock\" \"${PODS_ROOT}/Manifest.lock\" > /dev/null\nif [ $? != 0 ] ; then\n    # print error to STDERR\n    echo \"error: The sandbox is not in sync with the Podfile.lock. Run 'pod install' or update your CocoaPods installation.\" >&2\n    exit 1\nfi\n# This output is used by Xcode 'outputs' to avoid re-running this script phase.\necho \"SUCCESS\" > \"${SCRIPT_OUTPUT_FILE_0}\"\n";
			showEnvVarsInLog = 0;
		};
/* End PBXShellScriptBuildPhase section */

/* Begin PBXSourcesBuildPhase section */
		937C7C872089692E000899D3 /* Sources */ = {
			isa = PBXSourcesBuildPhase;
			buildActionMask = 2147483647;
			files = (
				937C7C912089692E000899D3 /* ViewController.swift in Sources */,
				937C7C8F2089692E000899D3 /* AppDelegate.swift in Sources */,
			);
			runOnlyForDeploymentPostprocessing = 0;
		};
/* End PBXSourcesBuildPhase section */

/* Begin PBXVariantGroup section */
		937C7C922089692E000899D3 /* Main.storyboard */ = {
			isa = PBXVariantGroup;
			children = (
				937C7C932089692E000899D3 /* Base */,
			);
			name = Main.storyboard;
			sourceTree = "<group>";
		};
		937C7C972089692F000899D3 /* LaunchScreen.storyboard */ = {
			isa = PBXVariantGroup;
			children = (
				937C7C982089692F000899D3 /* Base */,
			);
			name = LaunchScreen.storyboard;
			sourceTree = "<group>";
		};
/* End PBXVariantGroup section */

/* Begin XCBuildConfiguration section */
		937C7C9B2089692F000899D3 /* Debug */ = {
			isa = XCBuildConfiguration;
			buildSettings = {
				ALWAYS_SEARCH_USER_PATHS = NO;
				CLANG_ANALYZER_NONNULL = YES;
				CLANG_ANALYZER_NUMBER_OBJECT_CONVERSION = YES_AGGRESSIVE;
				CLANG_CXX_LANGUAGE_STANDARD = "gnu++14";
				CLANG_CXX_LIBRARY = "libc++";
				CLANG_ENABLE_MODULES = YES;
				CLANG_ENABLE_OBJC_ARC = YES;
				CLANG_ENABLE_OBJC_WEAK = YES;
				CLANG_WARN_BLOCK_CAPTURE_AUTORELEASING = YES;
				CLANG_WARN_BOOL_CONVERSION = YES;
				CLANG_WARN_COMMA = YES;
				CLANG_WARN_CONSTANT_CONVERSION = YES;
				CLANG_WARN_DEPRECATED_OBJC_IMPLEMENTATIONS = YES;
				CLANG_WARN_DIRECT_OBJC_ISA_USAGE = YES_ERROR;
				CLANG_WARN_DOCUMENTATION_COMMENTS = YES;
				CLANG_WARN_EMPTY_BODY = YES;
				CLANG_WARN_ENUM_CONVERSION = YES;
				CLANG_WARN_INFINITE_RECURSION = YES;
				CLANG_WARN_INT_CONVERSION = YES;
				CLANG_WARN_NON_LITERAL_NULL_CONVERSION = YES;
				CLANG_WARN_OBJC_IMPLICIT_RETAIN_SELF = YES;
				CLANG_WARN_OBJC_LITERAL_CONVERSION = YES;
				CLANG_WARN_OBJC_ROOT_CLASS = YES_ERROR;
				CLANG_WARN_RANGE_LOOP_ANALYSIS = YES;
				CLANG_WARN_STRICT_PROTOTYPES = YES;
				CLANG_WARN_SUSPICIOUS_MOVE = YES;
				CLANG_WARN_UNGUARDED_AVAILABILITY = YES_AGGRESSIVE;
				CLANG_WARN_UNREACHABLE_CODE = YES;
				CLANG_WARN__DUPLICATE_METHOD_MATCH = YES;
				CODE_SIGN_IDENTITY = "iPhone Developer";
				COPY_PHASE_STRIP = NO;
				DEBUG_INFORMATION_FORMAT = dwarf;
				ENABLE_STRICT_OBJC_MSGSEND = YES;
				ENABLE_TESTABILITY = YES;
				GCC_C_LANGUAGE_STANDARD = gnu11;
				GCC_DYNAMIC_NO_PIC = NO;
				GCC_NO_COMMON_BLOCKS = YES;
				GCC_OPTIMIZATION_LEVEL = 0;
				GCC_PREPROCESSOR_DEFINITIONS = (
					"DEBUG=1",
					"$(inherited)",
				);
				GCC_WARN_64_TO_32_BIT_CONVERSION = YES;
				GCC_WARN_ABOUT_RETURN_TYPE = YES_ERROR;
				GCC_WARN_UNDECLARED_SELECTOR = YES;
				GCC_WARN_UNINITIALIZED_AUTOS = YES_AGGRESSIVE;
				GCC_WARN_UNUSED_FUNCTION = YES;
				GCC_WARN_UNUSED_VARIABLE = YES;
				IPHONEOS_DEPLOYMENT_TARGET = 11.3;
				MTL_ENABLE_DEBUG_INFO = YES;
				ONLY_ACTIVE_ARCH = YES;
				SDKROOT = iphoneos;
				SWIFT_ACTIVE_COMPILATION_CONDITIONS = DEBUG;
				SWIFT_OPTIMIZATION_LEVEL = "-Onone";
			};
			name = Debug;
		};
		937C7C9C2089692F000899D3 /* Release */ = {
			isa = XCBuildConfiguration;
			buildSettings = {
				ALWAYS_SEARCH_USER_PATHS = NO;
				CLANG_ANALYZER_NONNULL = YES;
				CLANG_ANALYZER_NUMBER_OBJECT_CONVERSION = YES_AGGRESSIVE;
				CLANG_CXX_LANGUAGE_STANDARD = "gnu++14";
				CLANG_CXX_LIBRARY = "libc++";
				CLANG_ENABLE_MODULES = YES;
				CLANG_ENABLE_OBJC_ARC = YES;
				CLANG_ENABLE_OBJC_WEAK = YES;
				CLANG_WARN_BLOCK_CAPTURE_AUTORELEASING = YES;
				CLANG_WARN_BOOL_CONVERSION = YES;
				CLANG_WARN_COMMA = YES;
				CLANG_WARN_CONSTANT_CONVERSION = YES;
				CLANG_WARN_DEPRECATED_OBJC_IMPLEMENTATIONS = YES;
				CLANG_WARN_DIRECT_OBJC_ISA_USAGE = YES_ERROR;
				CLANG_WARN_DOCUMENTATION_COMMENTS = YES;
				CLANG_WARN_EMPTY_BODY = YES;
				CLANG_WARN_ENUM_CONVERSION = YES;
				CLANG_WARN_INFINITE_RECURSION = YES;
				CLANG_WARN_INT_CONVERSION = YES;
				CLANG_WARN_NON_LITERAL_NULL_CONVERSION = YES;
				CLANG_WARN_OBJC_IMPLICIT_RETAIN_SELF = YES;
				CLANG_WARN_OBJC_LITERAL_CONVERSION = YES;
				CLANG_WARN_OBJC_ROOT_CLASS = YES_ERROR;
				CLANG_WARN_RANGE_LOOP_ANALYSIS = YES;
				CLANG_WARN_STRICT_PROTOTYPES = YES;
				CLANG_WARN_SUSPICIOUS_MOVE = YES;
				CLANG_WARN_UNGUARDED_AVAILABILITY = YES_AGGRESSIVE;
				CLANG_WARN_UNREACHABLE_CODE = YES;
				CLANG_WARN__DUPLICATE_METHOD_MATCH = YES;
				CODE_SIGN_IDENTITY = "iPhone Developer";
				COPY_PHASE_STRIP = NO;
				DEBUG_INFORMATION_FORMAT = "dwarf-with-dsym";
				ENABLE_NS_ASSERTIONS = NO;
				ENABLE_STRICT_OBJC_MSGSEND = YES;
				GCC_C_LANGUAGE_STANDARD = gnu11;
				GCC_NO_COMMON_BLOCKS = YES;
				GCC_WARN_64_TO_32_BIT_CONVERSION = YES;
				GCC_WARN_ABOUT_RETURN_TYPE = YES_ERROR;
				GCC_WARN_UNDECLARED_SELECTOR = YES;
				GCC_WARN_UNINITIALIZED_AUTOS = YES_AGGRESSIVE;
				GCC_WARN_UNUSED_FUNCTION = YES;
				GCC_WARN_UNUSED_VARIABLE = YES;
				IPHONEOS_DEPLOYMENT_TARGET = 11.3;
				MTL_ENABLE_DEBUG_INFO = NO;
				SDKROOT = iphoneos;
				SWIFT_COMPILATION_MODE = wholemodule;
				SWIFT_OPTIMIZATION_LEVEL = "-O";
				VALIDATE_PRODUCT = YES;
			};
			name = Release;
		};
		937C7C9E2089692F000899D3 /* Debug */ = {
			isa = XCBuildConfiguration;
			baseConfigurationReference = 6AB3BF4C0EF8F8DEC402575E /* Pods-Appsync.debug.xcconfig */;
			buildSettings = {
				ASSETCATALOG_COMPILER_APPICON_NAME = AppIcon;
				CODE_SIGN_STYLE = Automatic;
				DEVELOPMENT_TEAM = 6X82G43549;
				INFOPLIST_FILE = Appsync/Info.plist;
				LD_RUNPATH_SEARCH_PATHS = "$(inherited) @executable_path/Frameworks";
				PRODUCT_BUNDLE_IDENTIFIER = com.rapidbizapps.Appsync;
				PRODUCT_NAME = "$(TARGET_NAME)";
				SWIFT_VERSION = 4.0;
				TARGETED_DEVICE_FAMILY = "1,2";
			};
			name = Debug;
		};
		937C7C9F2089692F000899D3 /* Release */ = {
			isa = XCBuildConfiguration;
			baseConfigurationReference = 21C80F131E1357240827E0E3 /* Pods-Appsync.release.xcconfig */;
			buildSettings = {
				ASSETCATALOG_COMPILER_APPICON_NAME = AppIcon;
				CODE_SIGN_STYLE = Automatic;
				DEVELOPMENT_TEAM = 6X82G43549;
				INFOPLIST_FILE = Appsync/Info.plist;
				LD_RUNPATH_SEARCH_PATHS = "$(inherited) @executable_path/Frameworks";
				PRODUCT_BUNDLE_IDENTIFIER = com.rapidbizapps.Appsync;
				PRODUCT_NAME = "$(TARGET_NAME)";
				SWIFT_VERSION = 4.0;
				TARGETED_DEVICE_FAMILY = "1,2";
			};
			name = Release;
		};
/* End XCBuildConfiguration section */

/* Begin XCConfigurationList section */
		937C7C862089692E000899D3 /* Build configuration list for PBXProject "Appsync" */ = {
			isa = XCConfigurationList;
			buildConfigurations = (
				937C7C9B2089692F000899D3 /* Debug */,
				937C7C9C2089692F000899D3 /* Release */,
			);
			defaultConfigurationIsVisible = 0;
			defaultConfigurationName = Release;
		};
		937C7C9D2089692F000899D3 /* Build configuration list for PBXNativeTarget "Appsync" */ = {
			isa = XCConfigurationList;
			buildConfigurations = (
				937C7C9E2089692F000899D3 /* Debug */,
				937C7C9F2089692F000899D3 /* Release */,
			);
			defaultConfigurationIsVisible = 0;
			defaultConfigurationName = Release;
		};
/* End XCConfigurationList section */
	};
	rootObject = 937C7C832089692E000899D3 /* Project object */;
}
